PODS:
  - Alamofire (5.0.0-beta.6)
  - AlamofireImage (4.0.0-beta.3):
    - Alamofire (~> 5.0.0-beta.6)
  - Charts (3.3.0):
    - Charts/Core (= 3.3.0)
  - Charts/Core (3.3.0)
  - FMDB (2.7.5):
    - FMDB/standard (= 2.7.5)
  - FMDB/standard (2.7.5)
  - QRCode (2.0)
  - QRCodeReader.swift (10.1.0)
  - YoutubePlayer-in-WKWebView (0.3.0)

DEPENDENCIES:
  - Alamofire (~> 5.0.0-beta.5)
  - AlamofireImage (~> 4.0.0-beta.3)
  - Charts (~> 3.3.0)
  - FMDB (~> 2.7.5)
  - QRCode (~> 2.0)
  - QRCodeReader.swift (~> 10.1.0)
  - YoutubePlayer-in-WKWebView (~> 0.3.0)

SPEC REPOS:
  https://github.com/cocoapods/specs.git:
    - Alamofire
    - AlamofireImage
    - Charts
    - FMDB
    - QRCode
    - QRCodeReader.swift
    - YoutubePlayer-in-WKWebView

SPEC CHECKSUMS:
  Alamofire: cd08a4402bd12cacd0c66f23fb12fec8d6b965e4
  AlamofireImage: 980b4eccaed1fa559d78bc479d067ff89d23bc95
  Charts: e0dd4cd8f257bccf98407b58183ddca8e8d5b578
  FMDB: 2ce00b547f966261cd18927a3ddb07cb6f3db82a
  QRCode: f98a1886c8f37523704a7512a4c0cd45b34c18a4
  QRCodeReader.swift: 373a389fe9a22d513c879a32a6f647c58f4ef572
  YoutubePlayer-in-WKWebView: 17a33b2fa619d357c9ddd763942ce556660facae

PODFILE CHECKSUM: e658ea781d6d7cdf13d6861ac75266961f3e455c

COCOAPODS: 1.7.2
